
Microsoft Visual Studio Solution File, Format Version 12.00
# Visual Studio 15
VisualStudioVersion = 15.0.28010.2036
MinimumVisualStudioVersion = 10.0.40219.1
Project("{FAE04EC0-301F-11D3-BF4B-00C04F79EFBC}") = "WebPushNotif.Demo", "WebPushNotif.Demo\WebPushNotif.Demo.csproj", "{88406953-BDDE-43E0-9057-B37DE01697F6}"
EndProject
Global
	GlobalSection(SolutionConfigurationPlatforms) = preSolution
		Debug|Any CPU = Debug|Any CPU
		Release|Any CPU = Release|Any CPU
	EndGlobalSection
	GlobalSection(ProjectConfigurationPlatforms) = postSolution
		{88406953-BDDE-43E0-9057-B37DE01697F6}.Debug|Any CPU.ActiveCfg = Debug|Any CPU
		{88406953-BDDE-43E0-9057-B37DE01697F6}.Debug|Any CPU.Build.0 = Debug|Any CPU
		{88406953-BDDE-43E0-9057-B37DE01697F6}.Release|Any CPU.ActiveCfg = Release|Any CPU
		{88406953-BDDE-43E0-9057-B37DE01697F6}.Release|Any CPU.Build.0 = Release|Any CPU
	EndGlobalSection
	GlobalSection(SolutionProperties) = preSolution
		HideSolutionNode = FALSE
	EndGlobalSection
	GlobalSection(ExtensibilityGlobals) = postSolution
		SolutionGuid = {7EE4C759-46E9-4915-A35C-A87C9D309558}
	EndGlobalSection
EndGlobal
